
Microsoft Visual Studio Solution File, Format Version 12.00
# Visual Studio Version 17
VisualStudioVersion = 17.9.34622.214
MinimumVisualStudioVersion = 10.0.40219.1
Project("{FAE04EC0-301F-11D3-BF4B-00C04F79EFBC}") = "UI", "UI\UI.csproj", "{56BB5083-3305-4D3C-B671-7E84836A689A}"
EndProject
Project("{FAE04EC0-301F-11D3-BF4B-00C04F79EFBC}") = "DBAccess", "DBAccess\DBAccess.csproj", "{B49D1495-B943-4FAC-A3C3-582EDB1CE930}"
EndProject
Project("{FAE04EC0-301F-11D3-BF4B-00C04F79EFBC}") = "Services", "Services\Services.csproj", "{CD679EA1-CCD8-4C59-8B6C-2AE5727CA5A2}"
EndProject
Global
	GlobalSection(SolutionConfigurationPlatforms) = preSolution
		Debug|Any CPU = Debug|Any CPU
		Release|Any CPU = Release|Any CPU
	EndGlobalSection
	GlobalSection(ProjectConfigurationPlatforms) = postSolution
		{56BB5083-3305-4D3C-B671-7E84836A689A}.Debug|Any CPU.ActiveCfg = Debug|Any CPU
		{56BB5083-3305-4D3C-B671-7E84836A689A}.Debug|Any CPU.Build.0 = Debug|Any CPU
		{56BB5083-3305-4D3C-B671-7E84836A689A}.Release|Any CPU.ActiveCfg = Release|Any CPU
		{56BB5083-3305-4D3C-B671-7E84836A689A}.Release|Any CPU.Build.0 = Release|Any CPU
		{B49D1495-B943-4FAC-A3C3-582EDB1CE930}.Debug|Any CPU.ActiveCfg = Debug|Any CPU
		{B49D1495-B943-4FAC-A3C3-582EDB1CE930}.Debug|Any CPU.Build.0 = Debug|Any CPU
		{B49D1495-B943-4FAC-A3C3-582EDB1CE930}.Release|Any CPU.ActiveCfg = Release|Any CPU
		{B49D1495-B943-4FAC-A3C3-582EDB1CE930}.Release|Any CPU.Build.0 = Release|Any CPU
		{CD679EA1-CCD8-4C59-8B6C-2AE5727CA5A2}.Debug|Any CPU.ActiveCfg = Debug|Any CPU
		{CD679EA1-CCD8-4C59-8B6C-2AE5727CA5A2}.Debug|Any CPU.Build.0 = Debug|Any CPU
		{CD679EA1-CCD8-4C59-8B6C-2AE5727CA5A2}.Release|Any CPU.ActiveCfg = Release|Any CPU
		{CD679EA1-CCD8-4C59-8B6C-2AE5727CA5A2}.Release|Any CPU.Build.0 = Release|Any CPU
	EndGlobalSection
	GlobalSection(SolutionProperties) = preSolution
		HideSolutionNode = FALSE
	EndGlobalSection
	GlobalSection(ExtensibilityGlobals) = postSolution
		SolutionGuid = {D8A11216-5516-43BD-AA78-522E54CAB927}
	EndGlobalSection
EndGlobal
